
Microsoft Visual Studio Solution File, Format Version 12.00
# Visual Studio 2013
VisualStudioVersion = 12.0.31101.0
MinimumVisualStudioVersion = 10.0.40219.1
Project("{FAE04EC0-301F-11D3-BF4B-00C04F79EFBC}") = "XamarinFormsNavigation", "XamarinFormsNavigation\XamarinFormsNavigation\XamarinFormsNavigation.csproj", "{288D04ED-6A56-43FA-BA24-6D9D45EED4D6}"
EndProject
Project("{FAE04EC0-301F-11D3-BF4B-00C04F79EFBC}") = "XamarinFormsNavigation.iOS", "XamarinFormsNavigation\XamarinFormsNavigation.iOS\XamarinFormsNavigation.iOS.csproj", "{89789903-1E1F-475F-8EAC-7A302FD2B410}"
EndProject
Project("{FAE04EC0-301F-11D3-BF4B-00C04F79EFBC}") = "XamarinFormsNavigation.Droid", "XamarinFormsNavigation\XamarinFormsNavigation.Droid\XamarinFormsNavigation.Droid.csproj", "{56FC275D-1F49-431A-93D4-4E9B3389CB38}"
EndProject
Project("{FAE04EC0-301F-11D3-BF4B-00C04F79EFBC}") = "XamarinFormsNavigation.WinPhone", "XamarinFormsNavigation\XamarinFormsNavigation.WinPhone\XamarinFormsNavigation.WinPhone.csproj", "{0E111E81-7CF0-42DE-9C0E-7705285C0218}"
EndProject
Global
	GlobalSection(SolutionConfigurationPlatforms) = preSolution
		Ad-Hoc|Any CPU = Ad-Hoc|Any CPU
		Ad-Hoc|ARM = Ad-Hoc|ARM
		Ad-Hoc|iPhone = Ad-Hoc|iPhone
		Ad-Hoc|iPhoneSimulator = Ad-Hoc|iPhoneSimulator
		Ad-Hoc|Mixed Platforms = Ad-Hoc|Mixed Platforms
		Ad-Hoc|x86 = Ad-Hoc|x86
		AppStore|Any CPU = AppStore|Any CPU
		AppStore|ARM = AppStore|ARM
		AppStore|iPhone = AppStore|iPhone
		AppStore|iPhoneSimulator = AppStore|iPhoneSimulator
		AppStore|Mixed Platforms = AppStore|Mixed Platforms
		AppStore|x86 = AppStore|x86
		Debug|Any CPU = Debug|Any CPU
		Debug|ARM = Debug|ARM
		Debug|iPhone = Debug|iPhone
		Debug|iPhoneSimulator = Debug|iPhoneSimulator
		Debug|Mixed Platforms = Debug|Mixed Platforms
		Debug|x86 = Debug|x86
		Release|Any CPU = Release|Any CPU
		Release|ARM = Release|ARM
		Release|iPhone = Release|iPhone
		Release|iPhoneSimulator = Release|iPhoneSimulator
		Release|Mixed Platforms = Release|Mixed Platforms
		Release|x86 = Release|x86
	EndGlobalSection
	GlobalSection(ProjectConfigurationPlatforms) = postSolution
		{288D04ED-6A56-43FA-BA24-6D9D45EED4D6}.Ad-Hoc|Any CPU.ActiveCfg = Release|Any CPU
		{288D04ED-6A56-43FA-BA24-6D9D45EED4D6}.Ad-Hoc|Any CPU.Build.0 = Release|Any CPU
		{288D04ED-6A56-43FA-BA24-6D9D45EED4D6}.Ad-Hoc|ARM.ActiveCfg = Release|Any CPU
		{288D04ED-6A56-43FA-BA24-6D9D45EED4D6}.Ad-Hoc|iPhone.ActiveCfg = Release|Any CPU
		{288D04ED-6A56-43FA-BA24-6D9D45EED4D6}.Ad-Hoc|iPhoneSimulator.ActiveCfg = Release|Any CPU
		{288D04ED-6A56-43FA-BA24-6D9D45EED4D6}.Ad-Hoc|Mixed Platforms.ActiveCfg = Release|Any CPU
		{288D04ED-6A56-43FA-BA24-6D9D45EED4D6}.Ad-Hoc|Mixed Platforms.Build.0 = Release|Any CPU
		{288D04ED-6A56-43FA-BA24-6D9D45EED4D6}.Ad-Hoc|x86.ActiveCfg = Release|Any CPU
		{288D04ED-6A56-43FA-BA24-6D9D45EED4D6}.AppStore|Any CPU.ActiveCfg = Release|Any CPU
		{288D04ED-6A56-43FA-BA24-6D9D45EED4D6}.AppStore|Any CPU.Build.0 = Release|Any CPU
		{288D04ED-6A56-43FA-BA24-6D9D45EED4D6}.AppStore|ARM.ActiveCfg = Release|Any CPU
		{288D04ED-6A56-43FA-BA24-6D9D45EED4D6}.AppStore|iPhone.ActiveCfg = Release|Any CPU
		{288D04ED-6A56-43FA-BA24-6D9D45EED4D6}.AppStore|iPhoneSimulator.ActiveCfg = Release|Any CPU
		{288D04ED-6A56-43FA-BA24-6D9D45EED4D6}.AppStore|Mixed Platforms.ActiveCfg = Release|Any CPU
		{288D04ED-6A56-43FA-BA24-6D9D45EED4D6}.AppStore|Mixed Platforms.Build.0 = Release|Any CPU
		{288D04ED-6A56-43FA-BA24-6D9D45EED4D6}.AppStore|x86.ActiveCfg = Release|Any CPU
		{288D04ED-6A56-43FA-BA24-6D9D45EED4D6}.Debug|Any CPU.ActiveCfg = Debug|Any CPU
		{288D04ED-6A56-43FA-BA24-6D9D45EED4D6}.Debug|Any CPU.Build.0 = Debug|Any CPU
		{288D04ED-6A56-43FA-BA24-6D9D45EED4D6}.Debug|ARM.ActiveCfg = Debug|Any CPU
		{288D04ED-6A56-43FA-BA24-6D9D45EED4D6}.Debug|iPhone.ActiveCfg = Debug|Any CPU
		{288D04ED-6A56-43FA-BA24-6D9D45EED4D6}.Debug|iPhoneSimulator.ActiveCfg = Debug|Any CPU
		{288D04ED-6A56-43FA-BA24-6D9D45EED4D6}.Debug|Mixed Platforms.ActiveCfg = Debug|Any CPU
		{288D04ED-6A56-43FA-BA24-6D9D45EED4D6}.Debug|Mixed Platforms.Build.0 = Debug|Any CPU
		{288D04ED-6A56-43FA-BA24-6D9D45EED4D6}.Debug|x86.ActiveCfg = Debug|Any CPU
		{288D04ED-6A56-43FA-BA24-6D9D45EED4D6}.Release|Any CPU.ActiveCfg = Release|Any CPU
		{288D04ED-6A56-43FA-BA24-6D9D45EED4D6}.Release|Any CPU.Build.0 = Release|Any CPU
		{288D04ED-6A56-43FA-BA24-6D9D45EED4D6}.Release|ARM.ActiveCfg = Release|Any CPU
		{288D04ED-6A56-43FA-BA24-6D9D45EED4D6}.Release|iPhone.ActiveCfg = Release|Any CPU
		{288D04ED-6A56-43FA-BA24-6D9D45EED4D6}.Release|iPhoneSimulator.ActiveCfg = Release|Any CPU
		{288D04ED-6A56-43FA-BA24-6D9D45EED4D6}.Release|Mixed Platforms.ActiveCfg = Release|Any CPU
		{288D04ED-6A56-43FA-BA24-6D9D45EED4D6}.Release|Mixed Platforms.Build.0 = Release|Any CPU
		{288D04ED-6A56-43FA-BA24-6D9D45EED4D6}.Release|x86.ActiveCfg = Release|Any CPU
		{89789903-1E1F-475F-8EAC-7A302FD2B410}.Ad-Hoc|Any CPU.ActiveCfg = Ad-Hoc|iPhone
		{89789903-1E1F-475F-8EAC-7A302FD2B410}.Ad-Hoc|ARM.ActiveCfg = Ad-Hoc|iPhone
		{89789903-1E1F-475F-8EAC-7A302FD2B410}.Ad-Hoc|iPhone.ActiveCfg = Ad-Hoc|iPhone
		{89789903-1E1F-475F-8EAC-7A302FD2B410}.Ad-Hoc|iPhone.Build.0 = Ad-Hoc|iPhone
		{89789903-1E1F-475F-8EAC-7A302FD2B410}.Ad-Hoc|iPhoneSimulator.ActiveCfg = Ad-Hoc|iPhoneSimulator
		{89789903-1E1F-475F-8EAC-7A302FD2B410}.Ad-Hoc|iPhoneSimulator.Build.0 = Ad-Hoc|iPhoneSimulator
		{89789903-1E1F-475F-8EAC-7A302FD2B410}.Ad-Hoc|Mixed Platforms.ActiveCfg = Ad-Hoc|iPhone
		{89789903-1E1F-475F-8EAC-7A302FD2B410}.Ad-Hoc|Mixed Platforms.Build.0 = Ad-Hoc|iPhone
		{89789903-1E1F-475F-8EAC-7A302FD2B410}.Ad-Hoc|x86.ActiveCfg = Ad-Hoc|iPhone
		{89789903-1E1F-475F-8EAC-7A302FD2B410}.AppStore|Any CPU.ActiveCfg = AppStore|iPhone
		{89789903-1E1F-475F-8EAC-7A302FD2B410}.AppStore|ARM.ActiveCfg = AppStore|iPhone
		{89789903-1E1F-475F-8EAC-7A302FD2B410}.AppStore|iPhone.ActiveCfg = AppStore|iPhone
		{89789903-1E1F-475F-8EAC-7A302FD2B410}.AppStore|iPhone.Build.0 = AppStore|iPhone
		{89789903-1E1F-475F-8EAC-7A302FD2B410}.AppStore|iPhoneSimulator.ActiveCfg = AppStore|iPhoneSimulator
		{89789903-1E1F-475F-8EAC-7A302FD2B410}.AppStore|iPhoneSimulator.Build.0 = AppStore|iPhoneSimulator
		{89789903-1E1F-475F-8EAC-7A302FD2B410}.AppStore|Mixed Platforms.ActiveCfg = AppStore|iPhone
		{89789903-1E1F-475F-8EAC-7A302FD2B410}.AppStore|Mixed Platforms.Build.0 = AppStore|iPhone
		{89789903-1E1F-475F-8EAC-7A302FD2B410}.AppStore|x86.ActiveCfg = AppStore|iPhone
		{89789903-1E1F-475F-8EAC-7A302FD2B410}.Debug|Any CPU.ActiveCfg = Debug|iPhone
		{89789903-1E1F-475F-8EAC-7A302FD2B410}.Debug|ARM.ActiveCfg = Debug|iPhone
		{89789903-1E1F-475F-8EAC-7A302FD2B410}.Debug|iPhone.ActiveCfg = Debug|iPhone
		{89789903-1E1F-475F-8EAC-7A302FD2B410}.Debug|iPhone.Build.0 = Debug|iPhone
		{89789903-1E1F-475F-8EAC-7A302FD2B410}.Debug|iPhoneSimulator.ActiveCfg = Debug|iPhoneSimulator
		{89789903-1E1F-475F-8EAC-7A302FD2B410}.Debug|iPhoneSimulator.Build.0 = Debug|iPhoneSimulator
		{89789903-1E1F-475F-8EAC-7A302FD2B410}.Debug|Mixed Platforms.ActiveCfg = Debug|iPhone
		{89789903-1E1F-475F-8EAC-7A302FD2B410}.Debug|Mixed Platforms.Build.0 = Debug|iPhone
		{89789903-1E1F-475F-8EAC-7A302FD2B410}.Debug|x86.ActiveCfg = Debug|iPhone
		{89789903-1E1F-475F-8EAC-7A302FD2B410}.Release|Any CPU.ActiveCfg = Release|iPhone
		{89789903-1E1F-475F-8EAC-7A302FD2B410}.Release|ARM.ActiveCfg = Release|iPhone
		{89789903-1E1F-475F-8EAC-7A302FD2B410}.Release|iPhone.ActiveCfg = Release|iPhone
		{89789903-1E1F-475F-8EAC-7A302FD2B410}.Release|iPhone.Build.0 = Release|iPhone
		{89789903-1E1F-475F-8EAC-7A302FD2B410}.Release|iPhoneSimulator.ActiveCfg = Release|iPhoneSimulator
		{89789903-1E1F-475F-8EAC-7A302FD2B410}.Release|iPhoneSimulator.Build.0 = Release|iPhoneSimulator
		{89789903-1E1F-475F-8EAC-7A302FD2B410}.Release|Mixed Platforms.ActiveCfg = Release|iPhone
		{89789903-1E1F-475F-8EAC-7A302FD2B410}.Release|Mixed Platforms.Build.0 = Release|iPhone
		{89789903-1E1F-475F-8EAC-7A302FD2B410}.Release|x86.ActiveCfg = Release|iPhone
		{56FC275D-1F49-431A-93D4-4E9B3389CB38}.Ad-Hoc|Any CPU.ActiveCfg = Release|Any CPU
		{56FC275D-1F49-431A-93D4-4E9B3389CB38}.Ad-Hoc|Any CPU.Build.0 = Release|Any CPU
		{56FC275D-1F49-431A-93D4-4E9B3389CB38}.Ad-Hoc|Any CPU.Deploy.0 = Release|Any CPU
		{56FC275D-1F49-431A-93D4-4E9B3389CB38}.Ad-Hoc|ARM.ActiveCfg = Release|Any CPU
		{56FC275D-1F49-431A-93D4-4E9B3389CB38}.Ad-Hoc|iPhone.ActiveCfg = Release|Any CPU
		{56FC275D-1F49-431A-93D4-4E9B3389CB38}.Ad-Hoc|iPhoneSimulator.ActiveCfg = Release|Any CPU
		{56FC275D-1F49-431A-93D4-4E9B3389CB38}.Ad-Hoc|Mixed Platforms.ActiveCfg = Release|Any CPU
		{56FC275D-1F49-431A-93D4-4E9B3389CB38}.Ad-Hoc|Mixed Platforms.Build.0 = Release|Any CPU
		{56FC275D-1F49-431A-93D4-4E9B3389CB38}.Ad-Hoc|Mixed Platforms.Deploy.0 = Release|Any CPU
		{56FC275D-1F49-431A-93D4-4E9B3389CB38}.Ad-Hoc|x86.ActiveCfg = Release|Any CPU
		{56FC275D-1F49-431A-93D4-4E9B3389CB38}.AppStore|Any CPU.ActiveCfg = Release|Any CPU
		{56FC275D-1F49-431A-93D4-4E9B3389CB38}.AppStore|Any CPU.Build.0 = Release|Any CPU
		{56FC275D-1F49-431A-93D4-4E9B3389CB38}.AppStore|Any CPU.Deploy.0 = Release|Any CPU
		{56FC275D-1F49-431A-93D4-4E9B3389CB38}.AppStore|ARM.ActiveCfg = Release|Any CPU
		{56FC275D-1F49-431A-93D4-4E9B3389CB38}.AppStore|iPhone.ActiveCfg = Release|Any CPU
		{56FC275D-1F49-431A-93D4-4E9B3389CB38}.AppStore|iPhoneSimulator.ActiveCfg = Release|Any CPU
		{56FC275D-1F49-431A-93D4-4E9B3389CB38}.AppStore|Mixed Platforms.ActiveCfg = Release|Any CPU
		{56FC275D-1F49-431A-93D4-4E9B3389CB38}.AppStore|Mixed Platforms.Build.0 = Release|Any CPU
		{56FC275D-1F49-431A-93D4-4E9B3389CB38}.AppStore|Mixed Platforms.Deploy.0 = Release|Any CPU
		{56FC275D-1F49-431A-93D4-4E9B3389CB38}.AppStore|x86.ActiveCfg = Release|Any CPU
		{56FC275D-1F49-431A-93D4-4E9B3389CB38}.Debug|Any CPU.ActiveCfg = Debug|Any CPU
		{56FC275D-1F49-431A-93D4-4E9B3389CB38}.Debug|Any CPU.Build.0 = Debug|Any CPU
		{56FC275D-1F49-431A-93D4-4E9B3389CB38}.Debug|Any CPU.Deploy.0 = Debug|Any CPU
		{56FC275D-1F49-431A-93D4-4E9B3389CB38}.Debug|ARM.ActiveCfg = Debug|Any CPU
		{56FC275D-1F49-431A-93D4-4E9B3389CB38}.Debug|iPhone.ActiveCfg = Debug|Any CPU
		{56FC275D-1F49-431A-93D4-4E9B3389CB38}.Debug|iPhoneSimulator.ActiveCfg = Debug|Any CPU
		{56FC275D-1F49-431A-93D4-4E9B3389CB38}.Debug|Mixed Platforms.ActiveCfg = Debug|Any CPU
		{56FC275D-1F49-431A-93D4-4E9B3389CB38}.Debug|Mixed Platforms.Build.0 = Debug|Any CPU
		{56FC275D-1F49-431A-93D4-4E9B3389CB38}.Debug|Mixed Platforms.Deploy.0 = Debug|Any CPU
		{56FC275D-1F49-431A-93D4-4E9B3389CB38}.Debug|x86.ActiveCfg = Debug|Any CPU
		{56FC275D-1F49-431A-93D4-4E9B3389CB38}.Release|Any CPU.ActiveCfg = Release|Any CPU
		{56FC275D-1F49-431A-93D4-4E9B3389CB38}.Release|Any CPU.Build.0 = Release|Any CPU
		{56FC275D-1F49-431A-93D4-4E9B3389CB38}.Release|Any CPU.Deploy.0 = Release|Any CPU
		{56FC275D-1F49-431A-93D4-4E9B3389CB38}.Release|ARM.ActiveCfg = Release|Any CPU
		{56FC275D-1F49-431A-93D4-4E9B3389CB38}.Release|iPhone.ActiveCfg = Release|Any CPU
		{56FC275D-1F49-431A-93D4-4E9B3389CB38}.Release|iPhoneSimulator.ActiveCfg = Release|Any CPU
		{56FC275D-1F49-431A-93D4-4E9B3389CB38}.Release|Mixed Platforms.ActiveCfg = Release|Any CPU
		{56FC275D-1F49-431A-93D4-4E9B3389CB38}.Release|Mixed Platforms.Build.0 = Release|Any CPU
		{56FC275D-1F49-431A-93D4-4E9B3389CB38}.Release|Mixed Platforms.Deploy.0 = Release|Any CPU
		{56FC275D-1F49-431A-93D4-4E9B3389CB38}.Release|x86.ActiveCfg = Release|Any CPU
		{0E111E81-7CF0-42DE-9C0E-7705285C0218}.Ad-Hoc|Any CPU.ActiveCfg = Release|Any CPU
		{0E111E81-7CF0-42DE-9C0E-7705285C0218}.Ad-Hoc|Any CPU.Build.0 = Release|Any CPU
		{0E111E81-7CF0-42DE-9C0E-7705285C0218}.Ad-Hoc|Any CPU.Deploy.0 = Release|Any CPU
		{0E111E81-7CF0-42DE-9C0E-7705285C0218}.Ad-Hoc|ARM.ActiveCfg = Release|ARM
		{0E111E81-7CF0-42DE-9C0E-7705285C0218}.Ad-Hoc|ARM.Build.0 = Release|ARM
		{0E111E81-7CF0-42DE-9C0E-7705285C0218}.Ad-Hoc|ARM.Deploy.0 = Release|ARM
		{0E111E81-7CF0-42DE-9C0E-7705285C0218}.Ad-Hoc|iPhone.ActiveCfg = Release|Any CPU
		{0E111E81-7CF0-42DE-9C0E-7705285C0218}.Ad-Hoc|iPhoneSimulator.ActiveCfg = Release|Any CPU
		{0E111E81-7CF0-42DE-9C0E-7705285C0218}.Ad-Hoc|Mixed Platforms.ActiveCfg = Release|x86
		{0E111E81-7CF0-42DE-9C0E-7705285C0218}.Ad-Hoc|Mixed Platforms.Build.0 = Release|x86
		{0E111E81-7CF0-42DE-9C0E-7705285C0218}.Ad-Hoc|Mixed Platforms.Deploy.0 = Release|x86
		{0E111E81-7CF0-42DE-9C0E-7705285C0218}.Ad-Hoc|x86.ActiveCfg = Release|x86
		{0E111E81-7CF0-42DE-9C0E-7705285C0218}.Ad-Hoc|x86.Build.0 = Release|x86
		{0E111E81-7CF0-42DE-9C0E-7705285C0218}.Ad-Hoc|x86.Deploy.0 = Release|x86
		{0E111E81-7CF0-42DE-9C0E-7705285C0218}.AppStore|Any CPU.ActiveCfg = Release|Any CPU
		{0E111E81-7CF0-42DE-9C0E-7705285C0218}.AppStore|Any CPU.Build.0 = Release|Any CPU
		{0E111E81-7CF0-42DE-9C0E-7705285C0218}.AppStore|Any CPU.Deploy.0 = Release|Any CPU
		{0E111E81-7CF0-42DE-9C0E-7705285C0218}.AppStore|ARM.ActiveCfg = Release|ARM
		{0E111E81-7CF0-42DE-9C0E-7705285C0218}.AppStore|ARM.Build.0 = Release|ARM
		{0E111E81-7CF0-42DE-9C0E-7705285C0218}.AppStore|ARM.Deploy.0 = Release|ARM
		{0E111E81-7CF0-42DE-9C0E-7705285C0218}.AppStore|iPhone.ActiveCfg = Release|Any CPU
		{0E111E81-7CF0-42DE-9C0E-7705285C0218}.AppStore|iPhoneSimulator.ActiveCfg = Release|Any CPU
		{0E111E81-7CF0-42DE-9C0E-7705285C0218}.AppStore|Mixed Platforms.ActiveCfg = Release|x86
		{0E111E81-7CF0-42DE-9C0E-7705285C0218}.AppStore|Mixed Platforms.Build.0 = Release|x86
		{0E111E81-7CF0-42DE-9C0E-7705285C0218}.AppStore|Mixed Platforms.Deploy.0 = Release|x86
		{0E111E81-7CF0-42DE-9C0E-7705285C0218}.AppStore|x86.ActiveCfg = Release|x86
		{0E111E81-7CF0-42DE-9C0E-7705285C0218}.AppStore|x86.Build.0 = Release|x86
		{0E111E81-7CF0-42DE-9C0E-7705285C0218}.AppStore|x86.Deploy.0 = Release|x86
		{0E111E81-7CF0-42DE-9C0E-7705285C0218}.Debug|Any CPU.ActiveCfg = Debug|Any CPU
		{0E111E81-7CF0-42DE-9C0E-7705285C0218}.Debug|Any CPU.Build.0 = Debug|Any CPU
		{0E111E81-7CF0-42DE-9C0E-7705285C0218}.Debug|Any CPU.Deploy.0 = Debug|Any CPU
		{0E111E81-7CF0-42DE-9C0E-7705285C0218}.Debug|ARM.ActiveCfg = Debug|ARM
		{0E111E81-7CF0-42DE-9C0E-7705285C0218}.Debug|ARM.Build.0 = Debug|ARM
		{0E111E81-7CF0-42DE-9C0E-7705285C0218}.Debug|ARM.Deploy.0 = Debug|ARM
		{0E111E81-7CF0-42DE-9C0E-7705285C0218}.Debug|iPhone.ActiveCfg = Debug|Any CPU
		{0E111E81-7CF0-42DE-9C0E-7705285C0218}.Debug|iPhoneSimulator.ActiveCfg = Debug|Any CPU
		{0E111E81-7CF0-42DE-9C0E-7705285C0218}.Debug|Mixed Platforms.ActiveCfg = Debug|x86
		{0E111E81-7CF0-42DE-9C0E-7705285C0218}.Debug|Mixed Platforms.Build.0 = Debug|x86
		{0E111E81-7CF0-42DE-9C0E-7705285C0218}.Debug|Mixed Platforms.Deploy.0 = Debug|x86
		{0E111E81-7CF0-42DE-9C0E-7705285C0218}.Debug|x86.ActiveCfg = Debug|x86
		{0E111E81-7CF0-42DE-9C0E-7705285C0218}.Debug|x86.Build.0 = Debug|x86
		{0E111E81-7CF0-42DE-9C0E-7705285C0218}.Debug|x86.Deploy.0 = Debug|x86
		{0E111E81-7CF0-42DE-9C0E-7705285C0218}.Release|Any CPU.ActiveCfg = Release|Any CPU
		{0E111E81-7CF0-42DE-9C0E-7705285C0218}.Release|Any CPU.Build.0 = Release|Any CPU
		{0E111E81-7CF0-42DE-9C0E-7705285C0218}.Release|Any CPU.Deploy.0 = Release|Any CPU
		{0E111E81-7CF0-42DE-9C0E-7705285C0218}.Release|ARM.ActiveCfg = Release|ARM
		{0E111E81-7CF0-42DE-9C0E-7705285C0218}.Release|ARM.Build.0 = Release|ARM
		{0E111E81-7CF0-42DE-9C0E-7705285C0218}.Release|ARM.Deploy.0 = Release|ARM
		{0E111E81-7CF0-42DE-9C0E-7705285C0218}.Release|iPhone.ActiveCfg = Release|Any CPU
		{0E111E81-7CF0-42DE-9C0E-7705285C0218}.Release|iPhoneSimulator.ActiveCfg = Release|Any CPU
		{0E111E81-7CF0-42DE-9C0E-7705285C0218}.Release|Mixed Platforms.ActiveCfg = Release|x86
		{0E111E81-7CF0-42DE-9C0E-7705285C0218}.Release|Mixed Platforms.Build.0 = Release|x86
		{0E111E81-7CF0-42DE-9C0E-7705285C0218}.Release|Mixed Platforms.Deploy.0 = Release|x86
		{0E111E81-7CF0-42DE-9C0E-7705285C0218}.Release|x86.ActiveCfg = Release|x86
		{0E111E81-7CF0-42DE-9C0E-7705285C0218}.Release|x86.Build.0 = Release|x86
		{0E111E81-7CF0-42DE-9C0E-7705285C0218}.Release|x86.Deploy.0 = Release|x86
	EndGlobalSection
	GlobalSection(SolutionProperties) = preSolution
		HideSolutionNode = FALSE
	EndGlobalSection
EndGlobal
